
Microsoft Visual Studio Solution File, Format Version 12.00
# Visual Studio Version 17
VisualStudioVersion = 17.2.32630.192
MinimumVisualStudioVersion = 10.0.40219.1
Project("{00D1A9C2-B5F0-4AF3-8072-F6C62B433612}") = "SEE-TCRN.Recon.DB", "SEE-TCRN.Recon.DB\SEE-TCRN.Recon.DB.sqlproj", "{63F0EA15-F68B-444A-A58D-9A1D7C8F74F2}"
EndProject
Global
	GlobalSection(SolutionConfigurationPlatforms) = preSolution
		Debug|Any CPU = Debug|Any CPU
		Release|Any CPU = Release|Any CPU
	EndGlobalSection
	GlobalSection(ProjectConfigurationPlatforms) = postSolution
		{63F0EA15-F68B-444A-A58D-9A1D7C8F74F2}.Debug|Any CPU.ActiveCfg = Debug|Any CPU
		{63F0EA15-F68B-444A-A58D-9A1D7C8F74F2}.Debug|Any CPU.Build.0 = Debug|Any CPU
		{63F0EA15-F68B-444A-A58D-9A1D7C8F74F2}.Debug|Any CPU.Deploy.0 = Debug|Any CPU
		{63F0EA15-F68B-444A-A58D-9A1D7C8F74F2}.Release|Any CPU.ActiveCfg = Release|Any CPU
		{63F0EA15-F68B-444A-A58D-9A1D7C8F74F2}.Release|Any CPU.Build.0 = Release|Any CPU
		{63F0EA15-F68B-444A-A58D-9A1D7C8F74F2}.Release|Any CPU.Deploy.0 = Release|Any CPU
	EndGlobalSection
	GlobalSection(SolutionProperties) = preSolution
		HideSolutionNode = FALSE
	EndGlobalSection
	GlobalSection(ExtensibilityGlobals) = postSolution
		SolutionGuid = {708E38DF-199B-43B2-81D5-C3C9C96F5595}
	EndGlobalSection
EndGlobal
